# This file is automatically @generated by Cargo.
# It is not intended for manual editing.
version = 4

[[package]]
name = "ahash"
version = "0.8.12"
source = "registry+https://github.com/rust-lang/crates.io-index"
checksum = "5a15f179cd60c4584b8a8c596927aadc462e27f2ca70c04e0071964a73ba7a75"
dependencies = [
 "cfg-if",
 "const-random",
 "getrandom 0.3.4",
 "once_cell",
 "version_check",
 "zerocopy",
]

[[package]]
name = "aho-corasick"
version = "1.1.5"
source = "registry+https://github.com/rust-lang/crates.io-index"
checksum = "c982642fa9e8606056828ee9a8505737230110bb1099153c79efe865c59d12ba"
dependencies = [
 "memchr",
]

[[package]]
name = "alloc-no-stdlib"
version = "2.0.4"
source = "registry+https://github.com/rust-lang/crates.io-index"
checksum = "cc7bb162ec39d46ab1ca8c77bf72e890535becd1751bb45f64c597edb4c8c6b3"

[[package]]
name = "alloc-stdlib"
version = "0.2.4"
source = "registry+https://github.com/rust-lang/crates.io-index"
checksum = "0e76a019e91224d279006ff972f1e984179a6e9feb050adba6ce8274aef23195"
dependencies = [
 "alloc-no-stdlib",
]

[[package]]
name = "autocfg"
version = "1.5.1"
source = "registry+https://github.com/rust-lang/crates.io-index"
checksum = "f2032f911046de80f0a198e0901378627c33f59ea0ac00e363d481118bd70a53"

[[package]]
name = "bitflags"
version = "2.13.2"
source = "registry+https://github.com/rust-lang/crates.io-index"
checksum = "3ded4057c258ba199e2d26386d3af3780957ecaee6c4ef4041c6b4b8b97c0b06"

[[package]]
name = "block-buffer"
version = "0.12.1"
source = "registry+https://github.com/rust-lang/crates.io-index"
checksum = "d2f6c7dbe95a6ed67ad9f18e57daf93a2f034c524b99fd2b76d18fdfeb6660aa"
dependencies = [
 "hybrid-array",
]

[[package]]
name = "brotli"
version = "8.0.4"
source = "registry+https://github.com/rust-lang/crates.io-index"
checksum = "5cc91aac060a7a1e25823bdccbfb6af1875b88f17c6daac97894eed8207166b3"
dependencies = [
 "alloc-no-stdlib",
 "alloc-stdlib",
 "brotli-decompressor",
]

[[package]]
name = "brotli-decompressor"
version = "5.0.3"
source = "registry+https://github.com/rust-lang/crates.io-index"
checksum = "3a32acac15fe1967bc3986b2a6347dffc965602354ea6f450ad07e8bfd253583"
dependencies = [
 "alloc-no-stdlib",
 "alloc-stdlib",
]

[[package]]
name = "bumpalo"
version = "3.20.3"
source = "registry+https://github.com/rust-lang/crates.io-index"
checksum = "72f5acc6cb2ba439de613abc23857ec3d78374d8ed5ac84e9d11336e87da8649"

[[package]]
name = "castaway"
version = "0.2.4"
source = "registry+https://github.com/rust-lang/crates.io-index"
checksum = "dec551ab6e7578819132c713a93c022a05d60159dc86e7a7050223577484c55a"
dependencies = [
 "rustversion",
]

[[package]]
name = "cfg-if"
version = "1.0.5"
source = "registry+https://github.com/rust-lang/crates.io-index"
checksum = "4e7648175b45a9a48536d676f68d918270699102aa8dab5496df06904c914600"

[[package]]
name = "cmov"
version = "0.5.4"
source = "registry+https://github.com/rust-lang/crates.io-index"
checksum = "0c9ea0ac24bc397ab3c98583a3c9ba74fa56b09a4449bbe172b9b1ddb016027a"

[[package]]
name = "compact_str"
version = "0.9.1"
source = "registry+https://github.com/rust-lang/crates.io-index"
checksum = "9dfdd1c2274d9aa354115b09dc9a901d6c5576818cdf70d14cae2bdb47df00ab"
dependencies = [
 "castaway",
 "cfg-if",
 "itoa",
 "rustversion",
 "ryu",
 "static_assertions",
]

[[package]]
name = "const-oid"
version = "0.10.2"
source = "registry+https://github.com/rust-lang/crates.io-index"
checksum = "a6ef517f0926dd24a1582492c791b6a4818a4d94e789a334894aa15b0d12f55c"

[[package]]
name = "const-random"
version = "0.1.18"
source = "registry+https://github.com/rust-lang/crates.io-index"
checksum = "87e00182fe74b066627d63b85fd550ac2998d4b0bd86bfed477a0ae4c7c71359"
dependencies = [
 "const-random-macro",
]

[[package]]
name = "const-random-macro"
version = "0.1.16"
source = "registry+https://github.com/rust-lang/crates.io-index"
checksum = "f9d839f2a20b0aee515dc581a6172f2321f96cab76c1a38a4c584a194955390e"
dependencies = [
 "getrandom 0.2.17",
 "once_cell",
 "tiny-keccak",
]

[[package]]
name = "cpufeatures"
version = "0.3.1"
source = "registry+https://github.com/rust-lang/crates.io-index"
checksum = "5ca28b0ae3115b884660db4118d803791fd6756b6e88f39c0f3f7859060d7566"
dependencies = [
 "libc",
]

[[package]]
name = "crossbeam-deque"
version = "0.8.8"
source = "registry+https://github.com/rust-lang/crates.io-index"
checksum = "622f3fc73690be383c7214310406f28a90e6edeadc3cea882f9d71e495b9711a"
dependencies = [
 "crossbeam-epoch",
 "crossbeam-utils",
]

[[package]]
name = "crossbeam-epoch"
version = "0.9.21"
source = "registry+https://github.com/rust-lang/crates.io-index"
checksum = "dc74980687109a3b14c72fd458107bf0baa1da1a1a805e178d15501ba9b86d9d"
dependencies = [
 "crossbeam-utils",
]

[[package]]
name = "crossbeam-utils"
version = "0.8.23"
source = "registry+https://github.com/rust-lang/crates.io-index"
checksum = "a31eee39dddec8330830986fcd7625edb5a24ec90ea038215273bbc3adb08ac6"

[[package]]
name = "crunchy"
version = "0.2.4"
source = "registry+https://github.com/rust-lang/crates.io-index"
checksum = "460fbee9c2c2f33933d720630a6a0bac33ba7053db5344fac858d4b8952d77d5"

[[package]]
name = "crypto-common"
version = "0.2.2"
source = "registry+https://github.com/rust-lang/crates.io-index"
checksum = "ce6e4c961d6cd6c9a86db418387425e8bdeaf05b3c8bc1411e6dca4c252f1453"
dependencies = [
 "hybrid-array",
]

[[package]]
name = "ctutils"
version = "0.4.2"
source = "registry+https://github.com/rust-lang/crates.io-index"
checksum = "7d5515a3834141de9eafb9717ad39eea8247b5674e6066c404e8c4b365d2a29e"
dependencies = [
 "cmov",
]

[[package]]
name = "dashmap"
version = "6.2.1"
source = "registry+https://github.com/rust-lang/crates.io-index"
checksum = "e6361d5c062261c78a176addb82d4c821ae42bed6089de0e12603cd25de2059c"
dependencies = [
 "cfg-if",
 "crossbeam-utils",
 "hashbrown",
 "lock_api",
 "once_cell",
 "parking_lot_core",
]

[[package]]
name = "digest"
version = "0.11.3"
source = "registry+https://github.com/rust-lang/crates.io-index"
checksum = "f1dd6dbb5841937940781866fa1281a1ff7bd3bf827091440879f9994983d5c2"
dependencies = [
 "block-buffer",
 "const-oid",
 "crypto-common",
 "ctutils",
]

[[package]]
name = "either"
version = "1.18.0"
source = "registry+https://github.com/rust-lang/crates.io-index"
checksum = "252afb9ae5eaa683babdc6a068b3f5726eb19e05070c731f9b2a23a7c3e8ed34"

[[package]]
name = "engram_native"
version = "0.1.0"
dependencies = [
 "hmac",
 "lingua",
 "pulldown-cmark",
 "regex",
 "rustler",
 "ryu",
 "serde",
 "serde_json",
 "sha2",
 "snowball_stemmers_rs",
 "unicode-normalization",
 "unicode-segmentation",
]

[[package]]
name = "fraction"
version = "0.15.4"
source = "registry+https://github.com/rust-lang/crates.io-index"
checksum = "e076045bb43dac435333ed5f04caf35c7463631d0dae2deb2638d94dd0a5b872"
dependencies = [
 "lazy_static",
 "num",
]

[[package]]
name = "futures-core"
version = "0.3.34"
source = "registry+https://github.com/rust-lang/crates.io-index"
checksum = "92d699e522242e69e3003b94ecc1f960f3a5e015aa7c5d7486e65ad01dd94f5e"

[[package]]
name = "futures-task"
version = "0.3.34"
source = "registry+https://github.com/rust-lang/crates.io-index"
checksum = "cd417de3d1d015fc3bfd2b1ea46dfc7bab72ef86f1cc7cc9c78e728b34a6d1fd"

[[package]]
name = "futures-util"
version = "0.3.34"
source = "registry+https://github.com/rust-lang/crates.io-index"
checksum = "0d50a92467f8ba5dd6e3ee5d4bd04d73ab2e4e1c44474a0674821dfce14b79bc"
dependencies = [
 "futures-core",
 "futures-task",
 "pin-project-lite",
 "slab",
]

[[package]]
name = "getrandom"
version = "0.2.17"
source = "registry+https://github.com/rust-lang/crates.io-index"
checksum = "ff2abc00be7fca6ebc474524697ae276ad847ad0a6b3faa4bcb027e9a4614ad0"
dependencies = [
 "cfg-if",
 "libc",
 "wasi",
]

[[package]]
name = "getrandom"
version = "0.3.4"
source = "registry+https://github.com/rust-lang/crates.io-index"
checksum = "899def5c37c4fd7b2664648c28120ecec138e4d395b459e5ca34f9cce2dd77fd"
dependencies = [
 "cfg-if",
 "libc",
 "r-efi",
 "wasip2",
]

[[package]]
name = "hashbrown"
version = "0.14.5"
source = "registry+https://github.com/rust-lang/crates.io-index"
checksum = "e5274423e17b7c9fc20b6e7e208532f9b19825d82dfd615708b70edd83df41f1"

[[package]]
name = "heck"
version = "0.5.0"
source = "registry+https://github.com/rust-lang/crates.io-index"
checksum = "2304e00983f87ffb38b55b444b5e3b60a884b5d30c0fca7d82fe33449bbe55ea"

[[package]]
name = "hmac"
version = "0.13.0"
source = "registry+https://github.com/rust-lang/crates.io-index"
checksum = "6303bc9732ae41b04cb554b844a762b4115a61bfaa81e3e83050991eeb56863f"
dependencies = [
 "digest",
]

[[package]]
name = "hybrid-array"
version = "0.4.15"
source = "registry+https://github.com/rust-lang/crates.io-index"
checksum = "27f864f10dfb56725ce5ce5472bc52252c8f93a4ab86327122cebf62c5f59a17"
dependencies = [
 "typenum",
]

[[package]]
name = "include_dir"
version = "0.7.4"
source = "registry+https://github.com/rust-lang/crates.io-index"
checksum = "923d117408f1e49d914f1a379a309cffe4f18c05cf4e3d12e613a15fc81bd0dd"
dependencies = [
 "include_dir_macros",
]

[[package]]
name = "include_dir_macros"
version = "0.7.4"
source = "registry+https://github.com/rust-lang/crates.io-index"
checksum = "7cab85a7ed0bd5f0e76d93846e0147172bed2e2d3f859bcc33a8d9699cad1a75"
dependencies = [
 "proc-macro2",
 "quote",
]

[[package]]
name = "inventory"
version = "0.3.24"
source = "registry+https://github.com/rust-lang/crates.io-index"
checksum = "a4f0c30c76f2f4ccee3fe55a2435f691ca00c0e4bd87abe4f4a851b1d4dac39b"
dependencies = [
 "rustversion",
]

[[package]]
name = "itertools"
version = "0.14.0"
source = "registry+https://github.com/rust-lang/crates.io-index"
checksum = "2b192c782037fadd9cfa75548310488aabdbf3d2da73885b31bd0abd03351285"
dependencies = [
 "either",
]

[[package]]
name = "itoa"
version = "1.0.18"
source = "registry+https://github.com/rust-lang/crates.io-index"
checksum = "8f42a60cbdf9a97f5d2305f08a87dc4e09308d1276d28c869c684d7777685682"

[[package]]
name = "js-sys"
version = "0.3.106"
source = "registry+https://github.com/rust-lang/crates.io-index"
checksum = "7883d941dae510fb2d978fc3fe018c71c9e2892fd38854de3e8b92c2e5ad9cc5"
dependencies = [
 "cfg-if",
 "futures-util",
 "wasm-bindgen",
]

[[package]]
name = "lazy_static"
version = "1.5.1"
source = "registry+https://github.com/rust-lang/crates.io-index"
checksum = "20870f649af7073d53e38067b2a84312175d56ea15217e1b15bc83506ec50afb"

[[package]]
name = "libc"
version = "0.2.190"
source = "registry+https://github.com/rust-lang/crates.io-index"
checksum = "ce5d3ddc6d3fa000eb1536d85e147bfe31aacaba692ed6a876f95cb7c855be78"

[[package]]
name = "libloading"
version = "0.9.0"
source = "registry+https://github.com/rust-lang/crates.io-index"
checksum = "754ca22de805bb5744484a5b151a9e1a8e837d5dc232c2d7d8c2e3492edc8b60"
dependencies = [
 "cfg-if",
 "windows-link",
]

[[package]]
name = "lingua"
version = "1.7.2"
source = "registry+https://github.com/rust-lang/crates.io-index"
checksum = "6e501c98d473068ce13ddfa5ca86846a6b60e24e3020ba9d2f49af654e9219ec"
dependencies = [
 "ahash",
 "brotli",
 "compact_str",
 "dashmap",
 "fraction",
 "include_dir",
 "itertools",
 "lingua-afrikaans-language-model",
 "lingua-albanian-language-model",
 "lingua-azerbaijani-language-model",
 "lingua-basque-language-model",
 "lingua-bokmal-language-model",
 "lingua-bosnian-language-model",
 "lingua-catalan-language-model",
 "lingua-chinese-language-model",
 "lingua-croatian-language-model",
 "lingua-czech-language-model",
 "lingua-danish-language-model",
 "lingua-dutch-language-model",
 "lingua-english-language-model",
 "lingua-esperanto-language-model",
 "lingua-estonian-language-model",
 "lingua-finnish-language-model",
 "lingua-french-language-model",
 "lingua-ganda-language-model",
 "lingua-german-language-model",
 "lingua-hungarian-language-model",
 "lingua-icelandic-language-model",
 "lingua-indonesian-language-model",
 "lingua-irish-language-model",
 "lingua-italian-language-model",
 "lingua-japanese-language-model",
 "lingua-latin-language-model",
 "lingua-latvian-language-model",
 "lingua-lithuanian-language-model",
 "lingua-malay-language-model",
 "lingua-maori-language-model",
 "lingua-nynorsk-language-model",
 "lingua-polish-language-model",
 "lingua-portuguese-language-model",
 "lingua-romanian-language-model",
 "lingua-shona-language-model",
 "lingua-slovak-language-model",
 "lingua-slovene-language-model",
 "lingua-somali-language-model",
 "lingua-sotho-language-model",
 "lingua-spanish-language-model",
 "lingua-swahili-language-model",
 "lingua-swedish-language-model",
 "lingua-tagalog-language-model",
 "lingua-tsonga-language-model",
 "lingua-tswana-language-model",
 "lingua-turkish-language-model",
 "lingua-vietnamese-language-model",
 "lingua-welsh-language-model",
 "lingua-xhosa-language-model",
 "lingua-yoruba-language-model",
 "lingua-zulu-language-model",
 "maplit",
 "rayon",
 "regex",
 "serde",
 "serde-wasm-bindgen",
 "serde_json",
 "strum",
 "strum_macros",
 "wasm-bindgen",
]

[[package]]
name = "lingua-afrikaans-language-model"
version = "1.2.0"
source = "registry+https://github.com/rust-lang/crates.io-index"
checksum = "1287f2382e4505a9884982a208129fa0f19d331c819667ac0396e3435ffca176"
dependencies = [
 "include_dir",
]

[[package]]
name = "lingua-albanian-language-model"
version = "1.2.0"
source = "registry+https://github.com/rust-lang/crates.io-index"
checksum = "2843d913f39870c0226ada84959d1f796b12f10db0e4b9cdcc9588df8dcc4fe3"
dependencies = [
 "include_dir",
]

[[package]]
name = "lingua-azerbaijani-language-model"
version = "1.2.0"
source = "registry+https://github.com/rust-lang/crates.io-index"
checksum = "d955c944289ef7919710c181575c93401732e08a1d2c901d2e0171748ddb9c39"
dependencies = [
 "include_dir",
]

[[package]]
name = "lingua-basque-language-model"
version = "1.2.0"
source = "registry+https://github.com/rust-lang/crates.io-index"
checksum = "8c04f4beb9512e0b1bb9d44bd51cc012ca075a88a8773dc971a22900e9b43db4"
dependencies = [
 "include_dir",
]

[[package]]
name = "lingua-bokmal-language-model"
version = "1.2.0"
source = "registry+https://github.com/rust-lang/crates.io-index"
checksum = "d10116c60af75f59d61058f7402fe866af56c18c1c69b363fb9c4ee28f7f555c"
dependencies = [
 "include_dir",
]

[[package]]
name = "lingua-bosnian-language-model"
version = "1.2.0"
source = "registry+https://github.com/rust-lang/crates.io-index"
checksum = "b0ba20e4fc22116b6e3873d1d15fbc5c6371de12b5f5a4fa4f583f37328521d7"
dependencies = [
 "include_dir",
]

[[package]]
name = "lingua-catalan-language-model"
version = "1.2.0"
source = "registry+https://github.com/rust-lang/crates.io-index"
checksum = "71aa462a7c191e75c3949f8a7beca9031d188e8ea28f2eb76c99b2d526927d21"
dependencies = [
 "include_dir",
]

[[package]]
name = "lingua-chinese-language-model"
version = "1.2.0"
source = "registry+https://github.com/rust-lang/crates.io-index"
checksum = "d31600b0cbae8a5c0622038d90e7d3830193d78feb2741f8678267d9f76e90f0"
dependencies = [
 "include_dir",
]

[[package]]
name = "lingua-croatian-language-model"
version = "1.2.0"
source = "registry+https://github.com/rust-lang/crates.io-index"
checksum = "e7438e2753dc02a1dd0c355afd1399ce26fbc13205454d81ed611e249987f134"
dependencies = [
 "include_dir",
]

[[package]]
name = "lingua-czech-language-model"
version = "1.2.0"
source = "registry+https://github.com/rust-lang/crates.io-index"
checksum = "3e1b3749cb0a0e40f7a732d1ae9b8cb4bf35444e92a2dd7db9164971e4157c9c"
dependencies = [
 "include_dir",
]

[[package]]
name = "lingua-danish-language-model"
version = "1.2.0"
source = "registry+https://github.com/rust-lang/crates.io-index"
checksum = "a9f83ef0885a702e6ddf776473f0eea13e3b7c20bac94ec4245cfabec555143e"
dependencies = [
 "include_dir",
]

[[package]]
name = "lingua-dutch-language-model"
version = "1.2.0"
source = "registry+https://github.com/rust-lang/crates.io-index"
checksum = "5f390bbffcb405f9a36fbb014cfd1953f2a5edc0b4313ca2005aba51e6ed6741"
dependencies = [
 "include_dir",
]

[[package]]
name = "lingua-english-language-model"
version = "1.2.0"
source = "registry+https://github.com/rust-lang/crates.io-index"
checksum = "8a4b2666c2dc3669b9cc2235f318184f3cc3426bf7075336bcf8f9ddba6f81c0"
dependencies = [
 "include_dir",
]

[[package]]
name = "lingua-esperanto-language-model"
version = "1.2.0"
source = "registry+https://github.com/rust-lang/crates.io-index"
checksum = "f169804327d4ae648c9045e139e19f2c1a8426cd2afcad6db9223d6de3cd3855"
dependencies = [
 "include_dir",
]

[[package]]
name = "lingua-estonian-language-model"
version = "1.2.0"
source = "registry+https://github.com/rust-lang/crates.io-index"
checksum = "b675de6a28fc39d7af5b19240ad2c34dc5646b1d1ef812cb93c6b2c589cd13d6"
dependencies = [
 "include_dir",
]

[[package]]
name = "lingua-finnish-language-model"
version = "1.2.0"
source = "registry+https://github.com/rust-lang/crates.io-index"
checksum = "9bc6109e57ed65b665ee7f911ed451cd6587304a0bfda9359c8794c33dffc425"
dependencies = [
 "include_dir",
]

[[package]]
name = "lingua-french-language-model"
version = "1.2.0"
source = "registry+https://github.com/rust-lang/crates.io-index"
checksum = "e7fd27da82335b66738d137ee64221f479973467b9178d49d802acbe847de355"
dependencies = [
 "include_dir",
]

[[package]]
name = "lingua-ganda-language-model"
version = "1.2.0"
source = "registry+https://github.com/rust-lang/crates.io-index"
checksum = "cd847988a427b3f6b9bd39bcc271643edf190c1608eff2a3c4208f717c66752a"
dependencies = [
 "include_dir",
]

[[package]]
name = "lingua-german-language-model"
version = "1.2.0"
source = "registry+https://github.com/rust-lang/crates.io-index"
checksum = "bfa568bbca8beb3b0cfc691cf2e87d1d24cb457c8e19ed168dd22d739c24a15e"
dependencies = [
 "include_dir",
]

[[package]]
name = "lingua-hungarian-language-model"
version = "1.2.0"
source = "registry+https://github.com/rust-lang/crates.io-index"
checksum = "286a84ab04128d25fadb162d852a327d32174ab16b7ab4725e4047820b92a781"
dependencies = [
 "include_dir",
]

[[package]]
name = "lingua-icelandic-language-model"
version = "1.2.0"
source = "registry+https://github.com/rust-lang/crates.io-index"
checksum = "499bfe35307f587a18c3c8492debb84c3b8cab733035b6852cdf0bf508b6d99f"
dependencies = [
 "include_dir",
]

[[package]]
name = "lingua-indonesian-language-model"
version = "1.2.0"
source = "registry+https://github.com/rust-lang/crates.io-index"
checksum = "1eb4112ce3f4c5d24d739c047e6d815a4ed283ccf71a47669f6f2132e36b5c7a"
dependencies = [
 "include_dir",
]

[[package]]
name = "lingua-irish-language-model"
version = "1.2.0"
source = "registry+https://github.com/rust-lang/crates.io-index"
checksum = "29a90343c0e74060362793a19a7139f58533f9be61156805fab635ad5cfc5378"
dependencies = [
 "include_dir",
]

[[package]]
name = "lingua-italian-language-model"
version = "1.2.0"
source = "registry+https://github.com/rust-lang/crates.io-index"
checksum = "5ab586cc7454f4df2a224ce245f81e199dba57d47259fc628b29d5c066697059"
dependencies = [
 "include_dir",
]

[[package]]
name = "lingua-japanese-language-model"
version = "1.2.0"
source = "registry+https://github.com/rust-lang/crates.io-index"
checksum = "5756b671f8a2f0ba8ae81852ab44d38485e60c590cacdff23400c47a48d04244"
dependencies = [
 "include_dir",
]

[[package]]
name = "lingua-latin-language-model"
version = "1.2.0"
source = "registry+https://github.com/rust-lang/crates.io-index"
checksum = "3f02abfb6beb5c53b345a3e599c9faeff3e765cf6f79b77f6650585967568c5e"
dependencies = [
 "include_dir",
]

[[package]]
name = "lingua-latvian-language-model"
version = "1.2.0"
source = "registry+https://github.com/rust-lang/crates.io-index"
checksum = "ef790c9c49220157d09f007b9c4ae0adb7b3ffe33e3aa6c0bcdc81cd995b919a"
dependencies = [
 "include_dir",
]

[[package]]
name = "lingua-lithuanian-language-model"
version = "1.2.0"
source = "registry+https://github.com/rust-lang/crates.io-index"
checksum = "d546fe945b7bc4c5879fb7e59c589396277e3f007972391e55730940ffe4ef03"
dependencies = [
 "include_dir",
]

[[package]]
name = "lingua-malay-language-model"
version = "1.2.0"
source = "registry+https://github.com/rust-lang/crates.io-index"
checksum = "c003d235500af772243973dfcd26cc077e850308b6da873cac365b1c91fce3af"
dependencies = [
 "include_dir",
]

[[package]]
name = "lingua-maori-language-model"
version = "1.2.0"
source = "registry+https://github.com/rust-lang/crates.io-index"
checksum = "6f0aa75bfac8296dc681b3d9abbeb62b3bee925893d48070ac3ec87858e539f6"
dependencies = [
 "include_dir",
]

[[package]]
name = "lingua-nynorsk-language-model"
version = "1.2.0"
source = "registry+https://github.com/rust-lang/crates.io-index"
checksum = "c7ee1fa246487b683138da7684035489ab5fafb2751d0715b33c38f6a6eadb5f"
dependencies = [
 "include_dir",
]

[[package]]
name = "lingua-polish-language-model"
version = "1.2.0"
source = "registry+https://github.com/rust-lang/crates.io-index"
checksum = "1534fd0f8c717bffd9ec80e9b27b8627fa069b46e9474b0e29780eb5fdddb53f"
dependencies = [
 "include_dir",
]

[[package]]
name = "lingua-portuguese-language-model"
version = "1.2.0"
source = "registry+https://github.com/rust-lang/crates.io-index"
checksum = "3659ec08115bbec9151bc23e62a4c3ee768c138e791854c8fe71cfcde0e5de84"
dependencies = [
 "include_dir",
]

[[package]]
name = "lingua-romanian-language-model"
version = "1.2.0"
source = "registry+https://github.com/rust-lang/crates.io-index"
checksum = "836d7f9116c098e863c05dbb4739df77c516485b5e3f2e9457d376ba83834183"
dependencies = [
 "include_dir",
]

[[package]]
name = "lingua-shona-language-model"
version = "1.2.0"
source = "registry+https://github.com/rust-lang/crates.io-index"
checksum = "924047ff3712b3ed640e0e950faf6e5682ee57592a141da6ae5a149b44451c38"
dependencies = [
 "include_dir",
]

[[package]]
name = "lingua-slovak-language-model"
version = "1.2.0"
source = "registry+https://github.com/rust-lang/crates.io-index"
checksum = "44afb5363903e2c6b10b8dc14f9b3c4abc1e125ecb4763ab189382a951e8f1f2"
dependencies = [
 "include_dir",
]

[[package]]
name = "lingua-slovene-language-model"
version = "1.2.0"
source = "registry+https://github.com/rust-lang/crates.io-index"
checksum = "bd43bd4567a3bffa3d20b3e2c62e3a3d17988c34948df88353d59eebcdcb5a3d"
dependencies = [
 "include_dir",
]

[[package]]
name = "lingua-somali-language-model"
version = "1.2.0"
source = "registry+https://github.com/rust-lang/crates.io-index"
checksum = "7a912003628ee6b007b6aca330aefa1cf67369f7d9e2c925e38e66e058abe070"
dependencies = [
 "include_dir",
]

[[package]]
name = "lingua-sotho-language-model"
version = "1.2.0"
source = "registry+https://github.com/rust-lang/crates.io-index"
checksum = "c6fd83a7172be44cd2fc7a630b96b3d9ba1a07cbe295937e19b94dcba2144502"
dependencies = [
 "include_dir",
]

[[package]]
name = "lingua-spanish-language-model"
version = "1.2.0"
source = "registry+https://github.com/rust-lang/crates.io-index"
checksum = "05df7766652773b2292e7ad12221c0090954baed18ca2ff631a5f134ce08d91d"
dependencies = [
 "include_dir",
]

[[package]]
name = "lingua-swahili-language-model"
version = "1.2.0"
source = "registry+https://github.com/rust-lang/crates.io-index"
checksum = "bc6a2e6ec74d0de7409e81a4ecac90fc061c87f397e9358c1fc7b06fb71375b1"
dependencies = [
 "include_dir",
]

[[package]]
name = "lingua-swedish-language-model"
version = "1.2.0"
source = "registry+https://github.com/rust-lang/crates.io-index"
checksum = "fc0abcbfc81c994fa2e433571febecbf7a3011c1f46164d7ca5013691656c9b3"
dependencies = [
 "include_dir",
]

[[package]]
name = "lingua-tagalog-language-model"
version = "1.2.0"
source = "registry+https://github.com/rust-lang/crates.io-index"
checksum = "0275f0d641f8193aba7dabe8ced95a7b12e14a9652bb9b3067b95861472be791"
dependencies = [
 "include_dir",
]

[[package]]
name = "lingua-tsonga-language-model"
version = "1.2.0"
source = "registry+https://github.com/rust-lang/crates.io-index"
checksum = "ac4de2ed21a6e3a82a66a712fbaddfb150846eefa6cde4f8b33d732e6debe89d"
dependencies = [
 "include_dir",
]

[[package]]
name = "lingua-tswana-language-model"
version = "1.2.0"
source = "registry+https://github.com/rust-lang/crates.io-index"
checksum = "1164e518ba79371e8d10801bdc48ba704f9260cbc45a45d0bf8710d860382369"
dependencies = [
 "include_dir",
]

[[package]]
name = "lingua-turkish-language-model"
version = "1.2.0"
source = "registry+https://github.com/rust-lang/crates.io-index"
checksum = "10e15e6c8aa9c7b807933aa257468309c9ae41b84898fd087356dea4aa0ec036"
dependencies = [
 "include_dir",
]

[[package]]
name = "lingua-vietnamese-language-model"
version = "1.2.0"
source = "registry+https://github.com/rust-lang/crates.io-index"
checksum = "489ba31146a87c04a783bcca606b961320a9cace365378bd329933a8b3ae2f50"
dependencies = [
 "include_dir",
]

[[package]]
name = "lingua-welsh-language-model"
version = "1.2.0"
source = "registry+https://github.com/rust-lang/crates.io-index"
checksum = "f285d84e053c405a97a00e59a1e7aa82ac967a091d2de0f484322dd539c81080"
dependencies = [
 "include_dir",
]

[[package]]
name = "lingua-xhosa-language-model"
version = "1.2.0"
source = "registry+https://github.com/rust-lang/crates.io-index"
checksum = "a3080b71235d1834423ef0e4c772e24f99699d427718efab67160792d7bd5984"
dependencies = [
 "include_dir",
]

[[package]]
name = "lingua-yoruba-language-model"
version = "1.2.0"
source = "registry+https://github.com/rust-lang/crates.io-index"
checksum = "78b8033c5058586fd180b1f42b2ece059c5cefb620703ecc92f379ac0a142194"
dependencies = [
 "include_dir",
]

[[package]]
name = "lingua-zulu-language-model"
version = "1.2.0"
source = "registry+https://github.com/rust-lang/crates.io-index"
checksum = "ad9dfb5039e1f9268f2310277493a5dc44e9448e55e0f26938c8d1d8cd92f98c"
dependencies = [
 "include_dir",
]

[[package]]
name = "lock_api"
version = "0.4.14"
source = "registry+https://github.com/rust-lang/crates.io-index"
checksum = "224399e74b87b5f3557511d98dff8b14089b3dadafcab6bb93eab67d3aace965"
dependencies = [
 "scopeguard",
]

[[package]]
name = "maplit"
version = "1.0.2"
source = "registry+https://github.com/rust-lang/crates.io-index"
checksum = "3e2e65a1a2e43cfcb47a895c4c8b10d1f4a61097f9f254f183aee60cad9c651d"

[[package]]
name = "memchr"
version = "2.8.3"
source = "registry+https://github.com/rust-lang/crates.io-index"
checksum = "cf8baf1c55e62ffcace7a9f06f4bd9cd3f0c4beb022d3b367256b91b87513d98"

[[package]]
name = "num"
version = "0.4.3"
source = "registry+https://github.com/rust-lang/crates.io-index"
checksum = "35bd024e8b2ff75562e5f34e7f4905839deb4b22955ef5e73d2fea1b9813cb23"
dependencies = [
 "num-bigint",
 "num-complex",
 "num-integer",
 "num-iter",
 "num-rational",
 "num-traits",
]

[[package]]
name = "num-bigint"
version = "0.4.8"
source = "registry+https://github.com/rust-lang/crates.io-index"
checksum = "c89e69e7e0f03bea5ef08013795c25018e101932225a656383bd384495ecc367"
dependencies = [
 "num-integer",
 "num-traits",
]

[[package]]
name = "num-complex"
version = "0.4.6"
source = "registry+https://github.com/rust-lang/crates.io-index"
checksum = "73f88a1307638156682bada9d7604135552957b7818057dcef22705b4d509495"
dependencies = [
 "num-traits",
]

[[package]]
name = "num-integer"
version = "0.1.47"
source = "registry+https://github.com/rust-lang/crates.io-index"
checksum = "7ce2d95d4b3734dc35aa2f45e1aa22cd416814592a4f9d9205e11affd5b8e10b"
dependencies = [
 "num-traits",
]

[[package]]
name = "num-iter"
version = "0.1.46"
source = "registry+https://github.com/rust-lang/crates.io-index"
checksum = "c92800bd69a1eac91786bcfe9da64a897eb72911b8dc3095decbd07429e8048b"
dependencies = [
 "num-integer",
 "num-traits",
]

[[package]]
name = "num-rational"
version = "0.4.2"
source = "registry+https://github.com/rust-lang/crates.io-index"
checksum = "f83d14da390562dca69fc84082e73e548e1ad308d24accdedd2720017cb37824"
dependencies = [
 "num-bigint",
 "num-integer",
 "num-traits",
]

[[package]]
name = "num-traits"
version = "0.2.19"
source = "registry+https://github.com/rust-lang/crates.io-index"
checksum = "071dfc062690e90b734c0b2273ce72ad0ffa95f0c74596bc250dcfd960262841"
dependencies = [
 "autocfg",
]

[[package]]
name = "once_cell"
version = "1.21.4"
source = "registry+https://github.com/rust-lang/crates.io-index"
checksum = "9f7c3e4beb33f85d45ae3e3a1792185706c8e16d043238c593331cc7cd313b50"

[[package]]
name = "parking_lot_core"
version = "0.9.12"
source = "registry+https://github.com/rust-lang/crates.io-index"
checksum = "2621685985a2ebf1c516881c026032ac7deafcda1a2c9b7850dc81e3dfcb64c1"
dependencies = [
 "cfg-if",
 "libc",
 "redox_syscall",
 "smallvec",
 "windows-link",
]

[[package]]
name = "pin-project-lite"
version = "0.2.17"
source = "registry+https://github.com/rust-lang/crates.io-index"
checksum = "a89322df9ebe1c1578d689c92318e070967d1042b512afbe49518723f4e6d5cd"

[[package]]
name = "proc-macro2"
version = "1.0.107"
source = "registry+https://github.com/rust-lang/crates.io-index"
checksum = "985e7ec9bb745e6ce6535b544d84d6cd6f7ad8bd711c398938ae983b91a766d9"
dependencies = [
 "unicode-ident",
]

[[package]]
name = "pulldown-cmark"
version = "0.13.4"
source = "registry+https://github.com/rust-lang/crates.io-index"
checksum = "e9f068eba8e7071c5f9511831b44f32c740d5adf574e990f946ddb53db2f314e"
dependencies = [
 "bitflags",
 "memchr",
 "unicase",
]

[[package]]
name = "quote"
version = "1.0.47"
source = "registry+https://github.com/rust-lang/crates.io-index"
checksum = "1fbf4db142a473a8d80c26bbf18454ed458bf8d26c8219c331daecfdbd079001"
dependencies = [
 "proc-macro2",
]

[[package]]
name = "r-efi"
version = "5.3.0"
source = "registry+https://github.com/rust-lang/crates.io-index"
checksum = "69cdb34c158ceb288df11e18b4bd39de994f6657d83847bdffdbd7f346754b0f"

[[package]]
name = "rayon"
version = "1.12.0"
source = "registry+https://github.com/rust-lang/crates.io-index"
checksum = "fb39b166781f92d482534ef4b4b1b2568f42613b53e5b6c160e24cfbfa30926d"
dependencies = [
 "either",
 "rayon-core",
]

[[package]]
name = "rayon-core"
version = "1.13.0"
source = "registry+https://github.com/rust-lang/crates.io-index"
checksum = "22e18b0f0062d30d4230b2e85ff77fdfe4326feb054b9783a3460d8435c8ab91"
dependencies = [
 "crossbeam-deque",
 "crossbeam-utils",
]

[[package]]
name = "redox_syscall"
version = "0.5.18"
source = "registry+https://github.com/rust-lang/crates.io-index"
checksum = "ed2bf2547551a7053d6fdfafda3f938979645c44812fbfcda098faae3f1a362d"
dependencies = [
 "bitflags",
]

[[package]]
name = "regex"
version = "1.13.1"
source = "registry+https://github.com/rust-lang/crates.io-index"
checksum = "f020237b6c8eed93db2e2cb53c00c60a8e1bc73da7d073199a1180401450218d"
dependencies = [
 "aho-corasick",
 "memchr",
 "regex-automata",
 "regex-syntax",
]

[[package]]
name = "regex-automata"
version = "0.4.18"
source = "registry+https://github.com/rust-lang/crates.io-index"
checksum = "ad8553b9b26413251cbf30e620595c7a41b3887f03da04579c0e6b0d6a06b4b2"
dependencies = [
 "aho-corasick",
 "memchr",
 "regex-syntax",
]

[[package]]
name = "regex-lite"
version = "0.1.9"
source = "registry+https://github.com/rust-lang/crates.io-index"
checksum = "cab834c73d247e67f4fae452806d17d3c7501756d98c8808d7c9c7aa7d18f973"

[[package]]
name = "regex-syntax"
version = "0.8.11"
source = "registry+https://github.com/rust-lang/crates.io-index"
checksum = "d6f6ff9a378485b298a5286656da665ba74413d36db0979633275d2e708145d4"

[[package]]
name = "rustler"
version = "0.38.0"
source = "registry+https://github.com/rust-lang/crates.io-index"
checksum = "60ac8495cb6091c1f8bd0c3bb816cd4e6f0a073f396d77eb602cb7f0615212de"
dependencies = [
 "inventory",
 "libc",
 "libloading",
 "regex-lite",
 "rustler_codegen",
]

[[package]]
name = "rustler_codegen"
version = "0.38.0"
source = "registry+https://github.com/rust-lang/crates.io-index"
checksum = "780a2a6b7e3cfac35820473f85cec1cd84d1bdd37ebcb4e24fb126ef0f074838"
dependencies = [
 "heck",
 "inventory",
 "proc-macro2",
 "quote",
 "syn 2.0.119",
]

[[package]]
name = "rustversion"
version = "1.0.23"
source = "registry+https://github.com/rust-lang/crates.io-index"
checksum = "cf54715a573b99ac80df0bc206da022bcd442c974952c7b9720069370852e21f"

[[package]]
name = "ryu"
version = "1.0.23"
source = "registry+https://github.com/rust-lang/crates.io-index"
checksum = "9774ba4a74de5f7b1c1451ed6cd5285a32eddb5cccb8cc655a4e50009e06477f"

[[package]]
name = "scopeguard"
version = "1.2.0"
source = "registry+https://github.com/rust-lang/crates.io-index"
checksum = "94143f37725109f92c262ed2cf5e59bce7498c01bcc1502d7b9afe439a4e9f49"

[[package]]
name = "serde"
version = "1.0.229"
source = "registry+https://github.com/rust-lang/crates.io-index"
checksum = "4148590afebada386688f18773da617792bf2ef03ffc1e4cbd2b1d45b023e0ba"
dependencies = [
 "serde_core",
 "serde_derive",
]

[[package]]
name = "serde-wasm-bindgen"
version = "0.6.5"
source = "registry+https://github.com/rust-lang/crates.io-index"
checksum = "8302e169f0eddcc139c70f139d19d6467353af16f9fce27e8c30158036a1e16b"
dependencies = [
 "js-sys",
 "serde",
 "wasm-bindgen",
]

[[package]]
name = "serde_core"
version = "1.0.229"
source = "registry+https://github.com/rust-lang/crates.io-index"
checksum = "67dca2c9c51e58a4791a4b1ed58308b39c64224d349a935ab5039aa360942a48"
dependencies = [
 "serde_derive",
]

[[package]]
name = "serde_derive"
version = "1.0.229"
source = "registry+https://github.com/rust-lang/crates.io-index"
checksum = "e7a5d71263a5a7d47b41f6b3f06ba276f10cc18b0931f1799f710578e2309348"
dependencies = [
 "proc-macro2",
 "quote",
 "syn 3.0.6",
]

[[package]]
name = "serde_json"
version = "1.0.151"
source = "registry+https://github.com/rust-lang/crates.io-index"
checksum = "c841b55ecdae098c80dcae9cf767f6f8a0c2cdb3416bbef72181df4d0fe73f14"
dependencies = [
 "itoa",
 "memchr",
 "serde",
 "serde_core",
 "zmij",
]

[[package]]
name = "sha2"
version = "0.11.0"
source = "registry+https://github.com/rust-lang/crates.io-index"
checksum = "446ba717509524cb3f22f17ecc096f10f4822d76ab5c0b9822c5f9c284e825f4"
dependencies = [
 "cfg-if",
 "cpufeatures",
 "digest",
]

[[package]]
name = "slab"
version = "0.4.12"
source = "registry+https://github.com/rust-lang/crates.io-index"
checksum = "0c790de23124f9ab44544d7ac05d60440adc586479ce501c1d6d7da3cd8c9cf5"

[[package]]
name = "smallvec"
version = "1.16.2"
source = "registry+https://github.com/rust-lang/crates.io-index"
checksum = "f9395f0f0eee849a9b707b2f06bb92a6a422090e2123bb2ef8e87a0e61892a8e"

[[package]]
name = "snowball_stemmers_rs"
version = "1.0.1"
source = "registry+https://github.com/rust-lang/crates.io-index"
checksum = "3c26383fe114fb711181991a326850a36011deb6d9666eb6781404f2fd4093f4"
dependencies = [
 "serde",
 "serde_derive",
]

[[package]]
name = "static_assertions"
version = "1.1.0"
source = "registry+https://github.com/rust-lang/crates.io-index"
checksum = "a2eb9349b6444b326872e140eb1cf5e7c522154d69e7a0ffb0fb81c06b37543f"

[[package]]
name = "strum"
version = "0.27.2"
source = "registry+https://github.com/rust-lang/crates.io-index"
checksum = "af23d6f6c1a224baef9d3f61e287d2761385a5b88fdab4eb4c6f11aeb54c4bcf"

[[package]]
name = "strum_macros"
version = "0.27.2"
source = "registry+https://github.com/rust-lang/crates.io-index"
checksum = "7695ce3845ea4b33927c055a39dc438a45b059f7c1b3d91d38d10355fb8cbca7"
dependencies = [
 "heck",
 "proc-macro2",
 "quote",
 "syn 2.0.119",
]

[[package]]
name = "syn"
version = "2.0.119"
source = "registry+https://github.com/rust-lang/crates.io-index"
checksum = "872831b642d1a07999a962a351ed35b955ea2cfc8f3862091e2a240a84f17297"
dependencies = [
 "proc-macro2",
 "quote",
 "unicode-ident",
]

[[package]]
name = "syn"
version = "3.0.6"
source = "registry+https://github.com/rust-lang/crates.io-index"
checksum = "8593e8e72159ed2257d083c7a454a85cbf854f37a0966d8d483aff8c8a3ebcee"
dependencies = [
 "proc-macro2",
 "quote",
 "unicode-ident",
]

[[package]]
name = "tiny-keccak"
version = "2.0.2"
source = "registry+https://github.com/rust-lang/crates.io-index"
checksum = "2c9d3793400a45f954c52e73d068316d76b6f4e36977e3fcebb13a2721e80237"
dependencies = [
 "crunchy",
]

[[package]]
name = "tinyvec"
version = "1.13.3"
source = "registry+https://github.com/rust-lang/crates.io-index"
checksum = "fd3ca314f692efd6c868f8408f53fe444634a845f96c028b97d35f6a1f79f0ee"

[[package]]
name = "typenum"
version = "1.20.1"
source = "registry+https://github.com/rust-lang/crates.io-index"
checksum = "b6f5e870be6c3b371b77fe0ee0bafb859fa4964b4404c27de1d380043c4dda20"

[[package]]
name = "unicase"
version = "2.9.0"
source = "registry+https://github.com/rust-lang/crates.io-index"
checksum = "dbc4bc3a9f746d862c45cb89d705aa10f187bb96c76001afab07a0d35ce60142"

[[package]]
name = "unicode-ident"
version = "1.0.26"
source = "registry+https://github.com/rust-lang/crates.io-index"
checksum = "d245f478577f809a851594d02313b640fb437e0bb33866753cff937863096954"

[[package]]
name = "unicode-normalization"
version = "0.1.25"
source = "registry+https://github.com/rust-lang/crates.io-index"
checksum = "5fd4f6878c9cb28d874b009da9e8d183b5abc80117c40bbd187a1fde336be6e8"
dependencies = [
 "tinyvec",
]

[[package]]
name = "unicode-segmentation"
version = "1.13.3"
source = "registry+https://github.com/rust-lang/crates.io-index"
checksum = "c6f5d3c3b1bf09027a88a6bc961fc00497d651009560b5463668dc81b0fa87a8"

[[package]]
name = "version_check"
version = "0.9.5"
source = "registry+https://github.com/rust-lang/crates.io-index"
checksum = "0b928f33d975fc6ad9f86c8f283853ad26bdd5b10b7f1542aa2fa15e2289105a"

[[package]]
name = "wasi"
version = "0.11.1+wasi-snapshot-preview1"
source = "registry+https://github.com/rust-lang/crates.io-index"
checksum = "ccf3ec651a847eb01de73ccad15eb7d99f80485de043efb2f370cd654f4ea44b"

[[package]]
name = "wasip2"
version = "1.0.4+wasi-0.2.12"
source = "registry+https://github.com/rust-lang/crates.io-index"
checksum = "b67efb37e106e55ce722a510d6b5f9c17f083e5fc79afc2badeb12cc313d9487"
dependencies = [
 "wit-bindgen",
]

[[package]]
name = "wasm-bindgen"
version = "0.2.129"
source = "registry+https://github.com/rust-lang/crates.io-index"
checksum = "9bb54f33acc68fd454578d9820b0bde1a1a3d17aa17bb7b6595806d02886d409"
dependencies = [
 "cfg-if",
 "once_cell",
 "rustversion",
 "wasm-bindgen-macro",
 "wasm-bindgen-shared",
]

[[package]]
name = "wasm-bindgen-macro"
version = "0.2.129"
source = "registry+https://github.com/rust-lang/crates.io-index"
checksum = "2e29d0c35b16e224a7eeb5cd2d25e3e1968fbd65604117b44d3b789d00ee8535"
dependencies = [
 "quote",
 "wasm-bindgen-macro-support",
]

[[package]]
name = "wasm-bindgen-macro-support"
version = "0.2.129"
source = "registry+https://github.com/rust-lang/crates.io-index"
checksum = "6f501a8bc3719dba86ef8ae4728879c08001bea749eb1333ac5b91e040e2a6b7"
dependencies = [
 "bumpalo",
 "proc-macro2",
 "quote",
 "syn 3.0.6",
 "wasm-bindgen-shared",
]

[[package]]
name = "wasm-bindgen-shared"
version = "0.2.129"
source = "registry+https://github.com/rust-lang/crates.io-index"
checksum = "23f0c9c52aa7cd7d77769a4cfe2a9adb1b331f489a41d912ce14513d5ab995c6"
dependencies = [
 "unicode-ident",
]

[[package]]
name = "windows-link"
version = "0.2.1"
source = "registry+https://github.com/rust-lang/crates.io-index"
checksum = "f0805222e57f7521d6a62e36fa9163bc891acd422f971defe97d64e70d0a4fe5"

[[package]]
name = "wit-bindgen"
version = "0.57.1"
source = "registry+https://github.com/rust-lang/crates.io-index"
checksum = "1ebf944e87a7c253233ad6766e082e3cd714b5d03812acc24c318f549614536e"

[[package]]
name = "zerocopy"
version = "0.8.60"
source = "registry+https://github.com/rust-lang/crates.io-index"
checksum = "6400fc4bb7426f6faac3fb07566122bb18622e3022bd2c36426a92ed489b1dbe"
dependencies = [
 "zerocopy-derive",
]

[[package]]
name = "zerocopy-derive"
version = "0.8.60"
source = "registry+https://github.com/rust-lang/crates.io-index"
checksum = "99c27cc7525bad4df59a45e073c45b2c2aa820efb588234cc23a547ec69a34db"
dependencies = [
 "proc-macro2",
 "quote",
 "syn 2.0.119",
]

[[package]]
name = "zmij"
version = "1.0.23"
source = "registry+https://github.com/rust-lang/crates.io-index"
checksum = "29666d0abbfad1e3dc4dcf6144730dd3a3ab225bbbdac83319345b1b44ccfc1b"
